// !$*UTF8*$!
{
	archiveVersion = 1;
	classes = {
	};
	objectVersion = 56;
	objects = {

/* Begin PBXBuildFile section */
		53D9B3A303C15E93C4AAC18D /* Pods_Examen2.framework in Frameworks */ = {isa = PBXBuildFile; fileRef = A5DADD792F3D9E0D1363DC9F /* Pods_Examen2.framework */; };
		F1287B232B18392F00B7A93A /* AppDelegate.swift in Sources */ = {isa = PBXBuildFile; fileRef = F1287B222B18392F00B7A93A /* AppDelegate.swift */; };
		F1287B252B18392F00B7A93A /* SceneDelegate.swift in Sources */ = {isa = PBXBuildFile; fileRef = F1287B242B18392F00B7A93A /* SceneDelegate.swift */; };
		F1287B272B18392F00B7A93A /* ViewController.swift in Sources */ = {isa = PBXBuildFile; fileRef = F1287B262B18392F00B7A93A /* ViewController.swift */; };
		F1287B2A2B18392F00B7A93A /* Main.storyboard in Resources */ = {isa = PBXBuildFile; fileRef = F1287B282B18392F00B7A93A /* Main.storyboard */; };
		F1287B2C2B18393100B7A93A /* Assets.xcassets in Resources */ = {isa = PBXBuildFile; fileRef = F1287B2B2B18393100B7A93A /* Assets.xcassets */; };
		F1287B2F2B18393100B7A93A /* LaunchScreen.storyboard in Resources */ = {isa = PBXBuildFile; fileRef = F1287B2D2B18393100B7A93A /* LaunchScreen.storyboard */; };
		F1287B382B18395600B7A93A /* Utils.swift in Sources */ = {isa = PBXBuildFile; fileRef = F1287B372B18395600B7A93A /* Utils.swift */; };
		F1287B3A2B18398A00B7A93A /* SplashScreenViewController.swift in Sources */ = {isa = PBXBuildFile; fileRef = F1287B392B18398A00B7A93A /* SplashScreenViewController.swift */; };
		F1287B3C2B183A5200B7A93A /* MainViewController.swift in Sources */ = {isa = PBXBuildFile; fileRef = F1287B3B2B183A5200B7A93A /* MainViewController.swift */; };
		F1287B3E2B183B3200B7A93A /* NetworkManager.swift in Sources */ = {isa = PBXBuildFile; fileRef = F1287B3D2B183B3200B7A93A /* NetworkManager.swift */; };
		F1287B422B183B9600B7A93A /* EstrellaDeLaMuerte.swift in Sources */ = {isa = PBXBuildFile; fileRef = F1287B412B183B9600B7A93A /* EstrellaDeLaMuerte.swift */; };
		F191C94A2B27818F006D2E84 /* ItemSelectedCollectionViewCell.swift in Sources */ = {isa = PBXBuildFile; fileRef = F191C9492B27818F006D2E84 /* ItemSelectedCollectionViewCell.swift */; };
		F1A098622B2396080013750B /* VideoViewController.swift in Sources */ = {isa = PBXBuildFile; fileRef = F1A098612B2396080013750B /* VideoViewController.swift */; };
		F1A098642B23961D0013750B /* ArticleViewController.swift in Sources */ = {isa = PBXBuildFile; fileRef = F1A098632B23961D0013750B /* ArticleViewController.swift */; };
		F1A33A722B194FFB005571A1 /* ShipsView.swift in Sources */ = {isa = PBXBuildFile; fileRef = F1A33A712B194FFB005571A1 /* ShipsView.swift */; };
		F1A33A742B195153005571A1 /* ShipCollectionViewCell.swift in Sources */ = {isa = PBXBuildFile; fileRef = F1A33A732B195153005571A1 /* ShipCollectionViewCell.swift */; };
		F1A33A772B1966B1005571A1 /* DetailShipViewController.swift in Sources */ = {isa = PBXBuildFile; fileRef = F1A33A762B1966B1005571A1 /* DetailShipViewController.swift */; };
		F1EA0EFA2B20E89E004A57C3 /* ImageShipsCollectionViewCell.swift in Sources */ = {isa = PBXBuildFile; fileRef = F1EA0EF92B20E89E004A57C3 /* ImageShipsCollectionViewCell.swift */; };
/* End PBXBuildFile section */

/* Begin PBXFileReference section */
		0C34BD2681ED7C1015629391 /* Pods-Examen2.debug.xcconfig */ = {isa = PBXFileReference; includeInIndex = 1; lastKnownFileType = text.xcconfig; name = "Pods-Examen2.debug.xcconfig"; path = "Target Support Files/Pods-Examen2/Pods-Examen2.debug.xcconfig"; sourceTree = "<group>"; };
		A5DADD792F3D9E0D1363DC9F /* Pods_Examen2.framework */ = {isa = PBXFileReference; explicitFileType = wrapper.framework; includeInIndex = 0; path = Pods_Examen2.framework; sourceTree = BUILT_PRODUCTS_DIR; };
		B5927E97DAABDA33C3951CB0 /* Pods-Examen2.release.xcconfig */ = {isa = PBXFileReference; includeInIndex = 1; lastKnownFileType = text.xcconfig; name = "Pods-Examen2.release.xcconfig"; path = "Target Support Files/Pods-Examen2/Pods-Examen2.release.xcconfig"; sourceTree = "<group>"; };
		F1287B1F2B18392F00B7A93A /* Examen2.app */ = {isa = PBXFileReference; explicitFileType = wrapper.application; includeInIndex = 0; path = Examen2.app; sourceTree = BUILT_PRODUCTS_DIR; };
		F1287B222B18392F00B7A93A /* AppDelegate.swift */ = {isa = PBXFileReference; lastKnownFileType = sourcecode.swift; path = AppDelegate.swift; sourceTree = "<group>"; };
		F1287B242B18392F00B7A93A /* SceneDelegate.swift */ = {isa = PBXFileReference; lastKnownFileType = sourcecode.swift; path = SceneDelegate.swift; sourceTree = "<group>"; };
		F1287B262B18392F00B7A93A /* ViewController.swift */ = {isa = PBXFileReference; lastKnownFileType = sourcecode.swift; path = ViewController.swift; sourceTree = "<group>"; };
		F1287B292B18392F00B7A93A /* Base */ = {isa = PBXFileReference; lastKnownFileType = file.storyboard; name = Base; path = Base.lproj/Main.storyboard; sourceTree = "<group>"; };
		F1287B2B2B18393100B7A93A /* Assets.xcassets */ = {isa = PBXFileReference; lastKnownFileType = folder.assetcatalog; path = Assets.xcassets; sourceTree = "<group>"; };
		F1287B2E2B18393100B7A93A /* Base */ = {isa = PBXFileReference; lastKnownFileType = file.storyboard; name = Base; path = Base.lproj/LaunchScreen.storyboard; sourceTree = "<group>"; };
		F1287B302B18393100B7A93A /* Info.plist */ = {isa = PBXFileReference; lastKnownFileType = text.plist.xml; path = Info.plist; sourceTree = "<group>"; };
		F1287B372B18395600B7A93A /* Utils.swift */ = {isa = PBXFileReference; lastKnownFileType = sourcecode.swift; path = Utils.swift; sourceTree = "<group>"; };
		F1287B392B18398A00B7A93A /* SplashScreenViewController.swift */ = {isa = PBXFileReference; lastKnownFileType = sourcecode.swift; path = SplashScreenViewController.swift; sourceTree = "<group>"; };
		F1287B3B2B183A5200B7A93A /* MainViewController.swift */ = {isa = PBXFileReference; lastKnownFileType = sourcecode.swift; path = MainViewController.swift; sourceTree = "<group>"; };
		F1287B3D2B183B3200B7A93A /* NetworkManager.swift */ = {isa = PBXFileReference; lastKnownFileType = sourcecode.swift; path = NetworkManager.swift; sourceTree = "<group>"; };
		F1287B412B183B9600B7A93A /* EstrellaDeLaMuerte.swift */ = {isa = PBXFileReference; lastKnownFileType = sourcecode.swift; path = EstrellaDeLaMuerte.swift; sourceTree = "<group>"; };
		F191C9492B27818F006D2E84 /* ItemSelectedCollectionViewCell.swift */ = {isa = PBXFileReference; lastKnownFileType = sourcecode.swift; path = ItemSelectedCollectionViewCell.swift; sourceTree = "<group>"; };
		F1A098612B2396080013750B /* VideoViewController.swift */ = {isa = PBXFileReference; lastKnownFileType = sourcecode.swift; path = VideoViewController.swift; sourceTree = "<group>"; };
		F1A098632B23961D0013750B /* ArticleViewController.swift */ = {isa = PBXFileReference; lastKnownFileType = sourcecode.swift; path = ArticleViewController.swift; sourceTree = "<group>"; };
		F1A33A712B194FFB005571A1 /* ShipsView.swift */ = {isa = PBXFileReference; lastKnownFileType = sourcecode.swift; path = ShipsView.swift; sourceTree = "<group>"; };
		F1A33A732B195153005571A1 /* ShipCollectionViewCell.swift */ = {isa = PBXFileReference; lastKnownFileType = sourcecode.swift; path = ShipCollectionViewCell.swift; sourceTree = "<group>"; };
		F1A33A762B1966B1005571A1 /* DetailShipViewController.swift */ = {isa = PBXFileReference; lastKnownFileType = sourcecode.swift; path = DetailShipViewController.swift; sourceTree = "<group>"; };
		F1EA0EF92B20E89E004A57C3 /* ImageShipsCollectionViewCell.swift */ = {isa = PBXFileReference; lastKnownFileType = sourcecode.swift; path = ImageShipsCollectionViewCell.swift; sourceTree = "<group>"; };
/* End PBXFileReference section */

/* Begin PBXFrameworksBuildPhase section */
		F1287B1C2B18392F00B7A93A /* Frameworks */ = {
			isa = PBXFrameworksBuildPhase;
			buildActionMask = 2147483647;
			files = (
				53D9B3A303C15E93C4AAC18D /* Pods_Examen2.framework in Frameworks */,
			);
			runOnlyForDeploymentPostprocessing = 0;
		};
/* End PBXFrameworksBuildPhase section */

/* Begin PBXGroup section */
		DF45D3A6B2EF76C08367CD32 /* Pods */ = {
			isa = PBXGroup;
			children = (
				0C34BD2681ED7C1015629391 /* Pods-Examen2.debug.xcconfig */,
				B5927E97DAABDA33C3951CB0 /* Pods-Examen2.release.xcconfig */,
			);
			path = Pods;
			sourceTree = "<group>";
		};
		F1287B162B18392F00B7A93A = {
			isa = PBXGroup;
			children = (
				F1287B212B18392F00B7A93A /* Examen2 */,
				F1287B202B18392F00B7A93A /* Products */,
				DF45D3A6B2EF76C08367CD32 /* Pods */,
				F1E73E850311CB20F4E67E19 /* Frameworks */,
			);
			sourceTree = "<group>";
		};
		F1287B202B18392F00B7A93A /* Products */ = {
			isa = PBXGroup;
			children = (
				F1287B1F2B18392F00B7A93A /* Examen2.app */,
			);
			name = Products;
			sourceTree = "<group>";
		};
		F1287B212B18392F00B7A93A /* Examen2 */ = {
			isa = PBXGroup;
			children = (
				F1A098602B2395B80013750B /* Article */,
				F1A0985F2B2395AD0013750B /* Video */,
				F1A33A752B19667D005571A1 /* ShipDetailGroup */,
				F1A33A702B194FC2005571A1 /* ShipsView */,
				F1287B362B18394700B7A93A /* Utils */,
				F1287B222B18392F00B7A93A /* AppDelegate.swift */,
				F1287B242B18392F00B7A93A /* SceneDelegate.swift */,
				F1287B262B18392F00B7A93A /* ViewController.swift */,
				F1287B282B18392F00B7A93A /* Main.storyboard */,
				F1287B2B2B18393100B7A93A /* Assets.xcassets */,
				F1287B2D2B18393100B7A93A /* LaunchScreen.storyboard */,
				F1287B302B18393100B7A93A /* Info.plist */,
				F1287B392B18398A00B7A93A /* SplashScreenViewController.swift */,
				F1287B3B2B183A5200B7A93A /* MainViewController.swift */,
				F1287B3D2B183B3200B7A93A /* NetworkManager.swift */,
				F1287B412B183B9600B7A93A /* EstrellaDeLaMuerte.swift */,
			);
			path = Examen2;
			sourceTree = "<group>";
		};
		F1287B362B18394700B7A93A /* Utils */ = {
			isa = PBXGroup;
			children = (
				F1287B372B18395600B7A93A /* Utils.swift */,
			);
			path = Utils;
			sourceTree = "<group>";
		};
		F1A0985F2B2395AD0013750B /* Video */ = {
			isa = PBXGroup;
			children = (
				F1A098612B2396080013750B /* VideoViewController.swift */,
			);
			path = Video;
			sourceTree = "<group>";
		};
		F1A098602B2395B80013750B /* Article */ = {
			isa = PBXGroup;
			children = (
				F1A098632B23961D0013750B /* ArticleViewController.swift */,
			);
			path = Article;
			sourceTree = "<group>";
		};
		F1A33A702B194FC2005571A1 /* ShipsView */ = {
			isa = PBXGroup;
			children = (
				F1A33A712B194FFB005571A1 /* ShipsView.swift */,
				F1A33A732B195153005571A1 /* ShipCollectionViewCell.swift */,
			);
			path = ShipsView;
			sourceTree = "<group>";
		};
		F1A33A752B19667D005571A1 /* ShipDetailGroup */ = {
			isa = PBXGroup;
			children = (
				F1A33A762B1966B1005571A1 /* DetailShipViewController.swift */,
				F1EA0EF92B20E89E004A57C3 /* ImageShipsCollectionViewCell.swift */,
				F191C9492B27818F006D2E84 /* ItemSelectedCollectionViewCell.swift */,
			);
			path = ShipDetailGroup;
			sourceTree = "<group>";
		};
		F1E73E850311CB20F4E67E19 /* Frameworks */ = {
			isa = PBXGroup;
			children = (
				A5DADD792F3D9E0D1363DC9F /* Pods_Examen2.framework */,
			);
			name = Frameworks;
			sourceTree = "<group>";
		};
/* End PBXGroup section */

/* Begin PBXNativeTarget section */
		F1287B1E2B18392F00B7A93A /* Examen2 */ = {
			isa = PBXNativeTarget;
			buildConfigurationList = F1287B332B18393100B7A93A /* Build configuration list for PBXNativeTarget "Examen2" */;
			buildPhases = (
				A13DBC4B71B94CAC97E0CDAF /* [CP] Check Pods Manifest.lock */,
				F1287B1B2B18392F00B7A93A /* Sources */,
				F1287B1C2B18392F00B7A93A /* Frameworks */,
				F1287B1D2B18392F00B7A93A /* Resources */,
				9144A4A2732C694A0972FFA0 /* [CP] Embed Pods Frameworks */,
			);
			buildRules = (
			);
			dependencies = (
			);
			name = Examen2;
			productName = Examen2;
			productReference = F1287B1F2B18392F00B7A93A /* Examen2.app */;
			productType = "com.apple.product-type.application";
		};
/* End PBXNativeTarget section */

/* Begin PBXProject section */
		F1287B172B18392F00B7A93A /* Project object */ = {
			isa = PBXProject;
			attributes = {
				BuildIndependentTargetsInParallel = 1;
				LastSwiftUpdateCheck = 1430;
				LastUpgradeCheck = 1430;
				TargetAttributes = {
					F1287B1E2B18392F00B7A93A = {
						CreatedOnToolsVersion = 14.3.1;
					};
				};
			};
			buildConfigurationList = F1287B1A2B18392F00B7A93A /* Build configuration list for PBXProject "Examen2" */;
			compatibilityVersion = "Xcode 14.0";
			developmentRegion = en;
			hasScannedForEncodings = 0;
			knownRegions = (
				en,
				Base,
			);
			mainGroup = F1287B162B18392F00B7A93A;
			productRefGroup = F1287B202B18392F00B7A93A /* Products */;
			projectDirPath = "";
			projectRoot = "";
			targets = (
				F1287B1E2B18392F00B7A93A /* Examen2 */,
			);
		};
/* End PBXProject section */

/* Begin PBXResourcesBuildPhase section */
		F1287B1D2B18392F00B7A93A /* Resources */ = {
			isa = PBXResourcesBuildPhase;
			buildActionMask = 2147483647;
			files = (
				F1287B2F2B18393100B7A93A /* LaunchScreen.storyboard in Resources */,
				F1287B2C2B18393100B7A93A /* Assets.xcassets in Resources */,
				F1287B2A2B18392F00B7A93A /* Main.storyboard in Resources */,
			);
			runOnlyForDeploymentPostprocessing = 0;
		};
/* End PBXResourcesBuildPhase section */

/* Begin PBXShellScriptBuildPhase section */
		9144A4A2732C694A0972FFA0 /* [CP] Embed Pods Frameworks */ = {
			isa = PBXShellScriptBuildPhase;
			buildActionMask = 2147483647;
			files = (
			);
			inputFileListPaths = (
				"${PODS_ROOT}/Target Support Files/Pods-Examen2/Pods-Examen2-frameworks-${CONFIGURATION}-input-files.xcfilelist",
			);
			name = "[CP] Embed Pods Frameworks";
			outputFileListPaths = (
				"${PODS_ROOT}/Target Support Files/Pods-Examen2/Pods-Examen2-frameworks-${CONFIGURATION}-output-files.xcfilelist",
			);
			runOnlyForDeploymentPostprocessing = 0;
			shellPath = /bin/sh;
			shellScript = "\"${PODS_ROOT}/Target Support Files/Pods-Examen2/Pods-Examen2-frameworks.sh\"\n";
			showEnvVarsInLog = 0;
		};
		A13DBC4B71B94CAC97E0CDAF /* [CP] Check Pods Manifest.lock */ = {
			isa = PBXShellScriptBuildPhase;
			buildActionMask = 2147483647;
			files = (
			);
			inputFileListPaths = (
			);
			inputPaths = (
				"${PODS_PODFILE_DIR_PATH}/Podfile.lock",
				"${PODS_ROOT}/Manifest.lock",
			);
			name = "[CP] Check Pods Manifest.lock";
			outputFileListPaths = (
			);
			outputPaths = (
				"$(DERIVED_FILE_DIR)/Pods-Examen2-checkManifestLockResult.txt",
			);
			runOnlyForDeploymentPostprocessing = 0;
			shellPath = /bin/sh;
			shellScript = "diff \"${PODS_PODFILE_DIR_PATH}/Podfile.lock\" \"${PODS_ROOT}/Manifest.lock\" > /dev/null\nif [ $? != 0 ] ; then\n    # print error to STDERR\n    echo \"error: The sandbox is not in sync with the Podfile.lock. Run 'pod install' or update your CocoaPods installation.\" >&2\n    exit 1\nfi\n# This output is used by Xcode 'outputs' to avoid re-running this script phase.\necho \"SUCCESS\" > \"${SCRIPT_OUTPUT_FILE_0}\"\n";
			showEnvVarsInLog = 0;
		};
/* End PBXShellScriptBuildPhase section */

/* Begin PBXSourcesBuildPhase section */
		F1287B1B2B18392F00B7A93A /* Sources */ = {
			isa = PBXSourcesBuildPhase;
			buildActionMask = 2147483647;
			files = (
				F1287B272B18392F00B7A93A /* ViewController.swift in Sources */,
				F1287B232B18392F00B7A93A /* AppDelegate.swift in Sources */,
				F1287B252B18392F00B7A93A /* SceneDelegate.swift in Sources */,
				F1287B3E2B183B3200B7A93A /* NetworkManager.swift in Sources */,
				F1A33A742B195153005571A1 /* ShipCollectionViewCell.swift in Sources */,
				F1A098622B2396080013750B /* VideoViewController.swift in Sources */,
				F1A33A722B194FFB005571A1 /* ShipsView.swift in Sources */,
				F1287B3C2B183A5200B7A93A /* MainViewController.swift in Sources */,
				F1A33A772B1966B1005571A1 /* DetailShipViewController.swift in Sources */,
				F1A098642B23961D0013750B /* ArticleViewController.swift in Sources */,
				F1287B3A2B18398A00B7A93A /* SplashScreenViewController.swift in Sources */,
				F1287B382B18395600B7A93A /* Utils.swift in Sources */,
				F191C94A2B27818F006D2E84 /* ItemSelectedCollectionViewCell.swift in Sources */,
				F1EA0EFA2B20E89E004A57C3 /* ImageShipsCollectionViewCell.swift in Sources */,
				F1287B422B183B9600B7A93A /* EstrellaDeLaMuerte.swift in Sources */,
			);
			runOnlyForDeploymentPostprocessing = 0;
		};
/* End PBXSourcesBuildPhase section */

/* Begin PBXVariantGroup section */
		F1287B282B18392F00B7A93A /* Main.storyboard */ = {
			isa = PBXVariantGroup;
			children = (
				F1287B292B18392F00B7A93A /* Base */,
			);
			name = Main.storyboard;
			sourceTree = "<group>";
		};
		F1287B2D2B18393100B7A93A /* LaunchScreen.storyboard */ = {
			isa = PBXVariantGroup;
			children = (
				F1287B2E2B18393100B7A93A /* Base */,
			);
			name = LaunchScreen.storyboard;
			sourceTree = "<group>";
		};
/* End PBXVariantGroup section */

/* Begin XCBuildConfiguration section */
		F1287B312B18393100B7A93A /* Debug */ = {
			isa = XCBuildConfiguration;
			buildSettings = {
				ALWAYS_SEARCH_USER_PATHS = NO;
				CLANG_ANALYZER_NONNULL = YES;
				CLANG_ANALYZER_NUMBER_OBJECT_CONVERSION = YES_AGGRESSIVE;
				CLANG_CXX_LANGUAGE_STANDARD = "gnu++20";
				CLANG_ENABLE_MODULES = YES;
				CLANG_ENABLE_OBJC_ARC = YES;
				CLANG_ENABLE_OBJC_WEAK = YES;
				CLANG_WARN_BLOCK_CAPTURE_AUTORELEASING = YES;
				CLANG_WARN_BOOL_CONVERSION = YES;
				CLANG_WARN_COMMA = YES;
				CLANG_WARN_CONSTANT_CONVERSION = YES;
				CLANG_WARN_DEPRECATED_OBJC_IMPLEMENTATIONS = YES;
				CLANG_WARN_DIRECT_OBJC_ISA_USAGE = YES_ERROR;
				CLANG_WARN_DOCUMENTATION_COMMENTS = YES;
				CLANG_WARN_EMPTY_BODY = YES;
				CLANG_WARN_ENUM_CONVERSION = YES;
				CLANG_WARN_INFINITE_RECURSION = YES;
				CLANG_WARN_INT_CONVERSION = YES;
				CLANG_WARN_NON_LITERAL_NULL_CONVERSION = YES;
				CLANG_WARN_OBJC_IMPLICIT_RETAIN_SELF = YES;
				CLANG_WARN_OBJC_LITERAL_CONVERSION = YES;
				CLANG_WARN_OBJC_ROOT_CLASS = YES_ERROR;
				CLANG_WARN_QUOTED_INCLUDE_IN_FRAMEWORK_HEADER = YES;
				CLANG_WARN_RANGE_LOOP_ANALYSIS = YES;
				CLANG_WARN_STRICT_PROTOTYPES = YES;
				CLANG_WARN_SUSPICIOUS_MOVE = YES;
				CLANG_WARN_UNGUARDED_AVAILABILITY = YES_AGGRESSIVE;
				CLANG_WARN_UNREACHABLE_CODE = YES;
				CLANG_WARN__DUPLICATE_METHOD_MATCH = YES;
				COPY_PHASE_STRIP = NO;
				DEBUG_INFORMATION_FORMAT = dwarf;
				ENABLE_STRICT_OBJC_MSGSEND = YES;
				ENABLE_TESTABILITY = YES;
				GCC_C_LANGUAGE_STANDARD = gnu11;
				GCC_DYNAMIC_NO_PIC = NO;
				GCC_NO_COMMON_BLOCKS = YES;
				GCC_OPTIMIZATION_LEVEL = 0;
				GCC_PREPROCESSOR_DEFINITIONS = (
					"DEBUG=1",
					"$(inherited)",
				);
				GCC_WARN_64_TO_32_BIT_CONVERSION = YES;
				GCC_WARN_ABOUT_RETURN_TYPE = YES_ERROR;
				GCC_WARN_UNDECLARED_SELECTOR = YES;
				GCC_WARN_UNINITIALIZED_AUTOS = YES_AGGRESSIVE;
				GCC_WARN_UNUSED_FUNCTION = YES;
				GCC_WARN_UNUSED_VARIABLE = YES;
				IPHONEOS_DEPLOYMENT_TARGET = 16.4;
				MTL_ENABLE_DEBUG_INFO = INCLUDE_SOURCE;
				MTL_FAST_MATH = YES;
				ONLY_ACTIVE_ARCH = YES;
				SDKROOT = iphoneos;
				SWIFT_ACTIVE_COMPILATION_CONDITIONS = DEBUG;
				SWIFT_OPTIMIZATION_LEVEL = "-Onone";
			};
			name = Debug;
		};
		F1287B322B18393100B7A93A /* Release */ = {
			isa = XCBuildConfiguration;
			buildSettings = {
				ALWAYS_SEARCH_USER_PATHS = NO;
				CLANG_ANALYZER_NONNULL = YES;
				CLANG_ANALYZER_NUMBER_OBJECT_CONVERSION = YES_AGGRESSIVE;
				CLANG_CXX_LANGUAGE_STANDARD = "gnu++20";
				CLANG_ENABLE_MODULES = YES;
				CLANG_ENABLE_OBJC_ARC = YES;
				CLANG_ENABLE_OBJC_WEAK = YES;
				CLANG_WARN_BLOCK_CAPTURE_AUTORELEASING = YES;
				CLANG_WARN_BOOL_CONVERSION = YES;
				CLANG_WARN_COMMA = YES;
				CLANG_WARN_CONSTANT_CONVERSION = YES;
				CLANG_WARN_DEPRECATED_OBJC_IMPLEMENTATIONS = YES;
				CLANG_WARN_DIRECT_OBJC_ISA_USAGE = YES_ERROR;
				CLANG_WARN_DOCUMENTATION_COMMENTS = YES;
				CLANG_WARN_EMPTY_BODY = YES;
				CLANG_WARN_ENUM_CONVERSION = YES;
				CLANG_WARN_INFINITE_RECURSION = YES;
				CLANG_WARN_INT_CONVERSION = YES;
				CLANG_WARN_NON_LITERAL_NULL_CONVERSION = YES;
				CLANG_WARN_OBJC_IMPLICIT_RETAIN_SELF = YES;
				CLANG_WARN_OBJC_LITERAL_CONVERSION = YES;
				CLANG_WARN_OBJC_ROOT_CLASS = YES_ERROR;
				CLANG_WARN_QUOTED_INCLUDE_IN_FRAMEWORK_HEADER = YES;
				CLANG_WARN_RANGE_LOOP_ANALYSIS = YES;
				CLANG_WARN_STRICT_PROTOTYPES = YES;
				CLANG_WARN_SUSPICIOUS_MOVE = YES;
				CLANG_WARN_UNGUARDED_AVAILABILITY = YES_AGGRESSIVE;
				CLANG_WARN_UNREACHABLE_CODE = YES;
				CLANG_WARN__DUPLICATE_METHOD_MATCH = YES;
				COPY_PHASE_STRIP = NO;
				DEBUG_INFORMATION_FORMAT = "dwarf-with-dsym";
				ENABLE_NS_ASSERTIONS = NO;
				ENABLE_STRICT_OBJC_MSGSEND = YES;
				GCC_C_LANGUAGE_STANDARD = gnu11;
				GCC_NO_COMMON_BLOCKS = YES;
				GCC_WARN_64_TO_32_BIT_CONVERSION = YES;
				GCC_WARN_ABOUT_RETURN_TYPE = YES_ERROR;
				GCC_WARN_UNDECLARED_SELECTOR = YES;
				GCC_WARN_UNINITIALIZED_AUTOS = YES_AGGRESSIVE;
				GCC_WARN_UNUSED_FUNCTION = YES;
				GCC_WARN_UNUSED_VARIABLE = YES;
				IPHONEOS_DEPLOYMENT_TARGET = 16.4;
				MTL_ENABLE_DEBUG_INFO = NO;
				MTL_FAST_MATH = YES;
				SDKROOT = iphoneos;
				SWIFT_COMPILATION_MODE = wholemodule;
				SWIFT_OPTIMIZATION_LEVEL = "-O";
				VALIDATE_PRODUCT = YES;
			};
			name = Release;
		};
		F1287B342B18393100B7A93A /* Debug */ = {
			isa = XCBuildConfiguration;
			baseConfigurationReference = 0C34BD2681ED7C1015629391 /* Pods-Examen2.debug.xcconfig */;
			buildSettings = {
				ASSETCATALOG_COMPILER_APPICON_NAME = AppIcon;
				ASSETCATALOG_COMPILER_GLOBAL_ACCENT_COLOR_NAME = AccentColor;
				CODE_SIGN_STYLE = Automatic;
				CURRENT_PROJECT_VERSION = 1;
				GENERATE_INFOPLIST_FILE = YES;
				INFOPLIST_FILE = Examen2/Info.plist;
				INFOPLIST_KEY_UIApplicationSupportsIndirectInputEvents = YES;
				INFOPLIST_KEY_UILaunchStoryboardName = LaunchScreen;
				INFOPLIST_KEY_UIMainStoryboardFile = Main;
				INFOPLIST_KEY_UISupportedInterfaceOrientations_iPad = "UIInterfaceOrientationPortrait UIInterfaceOrientationPortraitUpsideDown UIInterfaceOrientationLandscapeLeft UIInterfaceOrientationLandscapeRight";
				INFOPLIST_KEY_UISupportedInterfaceOrientations_iPhone = "UIInterfaceOrientationPortrait UIInterfaceOrientationLandscapeLeft UIInterfaceOrientationLandscapeRight";
				IPHONEOS_DEPLOYMENT_TARGET = 15.0;
				LD_RUNPATH_SEARCH_PATHS = (
					"$(inherited)",
					"@executable_path/Frameworks",
				);
				MARKETING_VERSION = 1.0;
				PRODUCT_BUNDLE_IDENTIFIER = com.victor.Examen2;
				PRODUCT_NAME = "$(TARGET_NAME)";
				SWIFT_EMIT_LOC_STRINGS = YES;
				SWIFT_VERSION = 5.0;
				TARGETED_DEVICE_FAMILY = "1,2";
			};
			name = Debug;
		};
		F1287B352B18393100B7A93A /* Release */ = {
			isa = XCBuildConfiguration;
			baseConfigurationReference = B5927E97DAABDA33C3951CB0 /* Pods-Examen2.release.xcconfig */;
			buildSettings = {
				ASSETCATALOG_COMPILER_APPICON_NAME = AppIcon;
				ASSETCATALOG_COMPILER_GLOBAL_ACCENT_COLOR_NAME = AccentColor;
				CODE_SIGN_STYLE = Automatic;
				CURRENT_PROJECT_VERSION = 1;
				GENERATE_INFOPLIST_FILE = YES;
				INFOPLIST_FILE = Examen2/Info.plist;
				INFOPLIST_KEY_UIApplicationSupportsIndirectInputEvents = YES;
				INFOPLIST_KEY_UILaunchStoryboardName = LaunchScreen;
				INFOPLIST_KEY_UIMainStoryboardFile = Main;
				INFOPLIST_KEY_UISupportedInterfaceOrientations_iPad = "UIInterfaceOrientationPortrait UIInterfaceOrientationPortraitUpsideDown UIInterfaceOrientationLandscapeLeft UIInterfaceOrientationLandscapeRight";
				INFOPLIST_KEY_UISupportedInterfaceOrientations_iPhone = "UIInterfaceOrientationPortrait UIInterfaceOrientationLandscapeLeft UIInterfaceOrientationLandscapeRight";
				IPHONEOS_DEPLOYMENT_TARGET = 15.0;
				LD_RUNPATH_SEARCH_PATHS = (
					"$(inherited)",
					"@executable_path/Frameworks",
				);
				MARKETING_VERSION = 1.0;
				PRODUCT_BUNDLE_IDENTIFIER = com.victor.Examen2;
				PRODUCT_NAME = "$(TARGET_NAME)";
				SWIFT_EMIT_LOC_STRINGS = YES;
				SWIFT_VERSION = 5.0;
				TARGETED_DEVICE_FAMILY = "1,2";
			};
			name = Release;
		};
/* End XCBuildConfiguration section */

/* Begin XCConfigurationList section */
		F1287B1A2B18392F00B7A93A /* Build configuration list for PBXProject "Examen2" */ = {
			isa = XCConfigurationList;
			buildConfigurations = (
				F1287B312B18393100B7A93A /* Debug */,
				F1287B322B18393100B7A93A /* Release */,
			);
			defaultConfigurationIsVisible = 0;
			defaultConfigurationName = Release;
		};
		F1287B332B18393100B7A93A /* Build configuration list for PBXNativeTarget "Examen2" */ = {
			isa = XCConfigurationList;
			buildConfigurations = (
				F1287B342B18393100B7A93A /* Debug */,
				F1287B352B18393100B7A93A /* Release */,
			);
			defaultConfigurationIsVisible = 0;
			defaultConfigurationName = Release;
		};
/* End XCConfigurationList section */
	};
	rootObject = F1287B172B18392F00B7A93A /* Project object */;
}
